
Microsoft Visual Studio Solution File, Format Version 12.00
# Visual Studio Version 16
VisualStudioVersion = 16.0.31019.35
MinimumVisualStudioVersion = 10.0.40219.1
Project("{FAE04EC0-301F-11D3-BF4B-00C04F79EFBC}") = "N2_Календарь", "N2_Календарь\N2_Календарь.csproj", "{746B9831-C745-40BF-BEAE-CC74D9C01321}"
EndProject
Global
	GlobalSection(SolutionConfigurationPlatforms) = preSolution
		Debug|Any CPU = Debug|Any CPU
		Release|Any CPU = Release|Any CPU
	EndGlobalSection
	GlobalSection(ProjectConfigurationPlatforms) = postSolution
		{746B9831-C745-40BF-BEAE-CC74D9C01321}.Debug|Any CPU.ActiveCfg = Debug|Any CPU
		{746B9831-C745-40BF-BEAE-CC74D9C01321}.Debug|Any CPU.Build.0 = Debug|Any CPU
		{746B9831-C745-40BF-BEAE-CC74D9C01321}.Release|Any CPU.ActiveCfg = Release|Any CPU
		{746B9831-C745-40BF-BEAE-CC74D9C01321}.Release|Any CPU.Build.0 = Release|Any CPU
	EndGlobalSection
	GlobalSection(SolutionProperties) = preSolution
		HideSolutionNode = FALSE
	EndGlobalSection
	GlobalSection(ExtensibilityGlobals) = postSolution
		SolutionGuid = {C523736A-DAE5-4F09-A59E-F8FAC2B623DA}
	EndGlobalSection
EndGlobal
